
Microsoft Visual Studio Solution File, Format Version 12.00
Project("{FAE04EC0-301F-11D3-BF4B-00C04F79EFBC}") = "PartsTrackerApi", "PartsTrackerApi\PartsTrackerApi.csproj", "{455F7487-1AF7-47E9-8108-246C1AB525BA}"
EndProject
Project("{2150E333-8FDC-42A3-9474-1A3956D46DE8}") = "Solution Items", "Solution Items", "{96E29F9F-C291-4E93-AC1D-F9EA119B090E}"
	ProjectSection(SolutionItems) = preProject
		compose.yaml = compose.yaml
	EndProjectSection
EndProject
Project("{FAE04EC0-301F-11D3-BF4B-00C04F79EFBC}") = "PartsTrackerApiTests", "..\..\tests\PartsTrackerApiTests\PartsTrackerApiTests.csproj", "{AD301862-2E67-4BCC-8CE0-04B8F165E858}"
EndProject
Global
	GlobalSection(SolutionConfigurationPlatforms) = preSolution
		Debug|Any CPU = Debug|Any CPU
		Release|Any CPU = Release|Any CPU
	EndGlobalSection
	GlobalSection(ProjectConfigurationPlatforms) = postSolution
		{455F7487-1AF7-47E9-8108-246C1AB525BA}.Debug|Any CPU.ActiveCfg = Debug|Any CPU
		{455F7487-1AF7-47E9-8108-246C1AB525BA}.Debug|Any CPU.Build.0 = Debug|Any CPU
		{455F7487-1AF7-47E9-8108-246C1AB525BA}.Release|Any CPU.ActiveCfg = Release|Any CPU
		{455F7487-1AF7-47E9-8108-246C1AB525BA}.Release|Any CPU.Build.0 = Release|Any CPU
		{AD301862-2E67-4BCC-8CE0-04B8F165E858}.Debug|Any CPU.ActiveCfg = Debug|Any CPU
		{AD301862-2E67-4BCC-8CE0-04B8F165E858}.Debug|Any CPU.Build.0 = Debug|Any CPU
		{AD301862-2E67-4BCC-8CE0-04B8F165E858}.Release|Any CPU.ActiveCfg = Release|Any CPU
		{AD301862-2E67-4BCC-8CE0-04B8F165E858}.Release|Any CPU.Build.0 = Release|Any CPU
	EndGlobalSection
EndGlobal
